
Microsoft Visual Studio Solution File, Format Version 12.00
# Visual Studio Version 17
VisualStudioVersion = 17.11.35222.181
MinimumVisualStudioVersion = 10.0.40219.1
Project("{FAE04EC0-301F-11D3-BF4B-00C04F79EFBC}") = "BulkyBookWeb", "BulkyBookWeb\BulkyBookWeb.csproj", "{287BE48A-A500-436C-9C42-A20BC77961D2}"
EndProject
Global
	GlobalSection(SolutionConfigurationPlatforms) = preSolution
		Debug|Any CPU = Debug|Any CPU
		Release|Any CPU = Release|Any CPU
	EndGlobalSection
	GlobalSection(ProjectConfigurationPlatforms) = postSolution
		{287BE48A-A500-436C-9C42-A20BC77961D2}.Debug|Any CPU.ActiveCfg = Debug|Any CPU
		{287BE48A-A500-436C-9C42-A20BC77961D2}.Debug|Any CPU.Build.0 = Debug|Any CPU
		{287BE48A-A500-436C-9C42-A20BC77961D2}.Release|Any CPU.ActiveCfg = Release|Any CPU
		{287BE48A-A500-436C-9C42-A20BC77961D2}.Release|Any CPU.Build.0 = Release|Any CPU
	EndGlobalSection
	GlobalSection(SolutionProperties) = preSolution
		HideSolutionNode = FALSE
	EndGlobalSection
	GlobalSection(ExtensibilityGlobals) = postSolution
		SolutionGuid = {29233F69-6382-4C86-9092-ED409DB967B6}
	EndGlobalSection
EndGlobal
